GEM
  remote: https://rubygems.org/
  specs:
    actioncable (7.1.5.2)
      actionpack (= 7.1.5.2)
      activesupport (= 7.1.5.2)
      nio4r (~> 2.0)
      websocket-driver (>= 0.6.1)
      zeitwerk (~> 2.6)
    actionmailbox (7.1.5.2)
      actionpack (= 7.1.5.2)
      activejob (= 7.1.5.2)
      activerecord (= 7.1.5.2)
      activestorage (= 7.1.5.2)
      activesupport (= 7.1.5.2)
      mail (>= 2.7.1)
      net-imap
      net-pop
      net-smtp
    actionmailer (7.1.5.2)
      actionpack (= 7.1.5.2)
      actionview (= 7.1.5.2)
      activejob (= 7.1.5.2)
      activesupport (= 7.1.5.2)
      mail (~> 2.5, >= 2.5.4)
      net-imap
      net-pop
      net-smtp
      rails-dom-testing (~> 2.2)
    actionpack (7.1.5.2)
      actionview (= 7.1.5.2)
      activesupport (= 7.1.5.2)
      nokogiri (>= 1.8.5)
      racc
      rack (>= 2.2.4)
      rack-session (>= 1.0.1)
      rack-test (>= 0.6.3)
      rails-dom-testing (~> 2.2)
      rails-html-sanitizer (~> 1.6)
    actiontext (7.1.5.2)
      actionpack (= 7.1.5.2)
      activerecord (= 7.1.5.2)
      activestorage (= 7.1.5.2)
      activesupport (= 7.1.5.2)
      globalid (>= 0.6.0)
      nokogiri (>= 1.8.5)
    actionview (7.1.5.2)
      activesupport (= 7.1.5.2)
      builder (~> 3.1)
      erubi (~> 1.11)
      rails-dom-testing (~> 2.2)
      rails-html-sanitizer (~> 1.6)
    activejob (7.1.5.2)
      activesupport (= 7.1.5.2)
      globalid (>= 0.3.6)
    activemodel (7.1.5.2)
      activesupport (= 7.1.5.2)
    activerecord (7.1.5.2)
      activemodel (= 7.1.5.2)
      activesupport (= 7.1.5.2)
      timeout (>= 0.4.0)
    activestorage (7.1.5.2)
      actionpack (= 7.1.5.2)
      activejob (= 7.1.5.2)
      activerecord (= 7.1.5.2)
      activesupport (= 7.1.5.2)
      marcel (~> 1.0)
    activesupport (7.1.5.2)
      base64
      benchmark (>= 0.3)
      bigdecimal
      concurrent-ruby (~> 1.0, >= 1.0.2)
      connection_pool (>= 2.2.5)
      drb
      i18n (>= 1.6, < 2)
      logger (>= 1.4.2)
      minitest (>= 5.1)
      mutex_m
      securerandom (>= 0.3)
      tzinfo (~> 2.0)
    base64 (0.3.0)
    bcrypt (3.1.20)
    benchmark (0.5.0)
    bigdecimal (4.0.1)
    bootsnap (1.20.0)
      msgpack (~> 1.2)
    builder (3.3.0)
    concurrent-ruby (1.3.6)
    connection_pool (3.0.2)
    crass (1.0.6)
    date (3.5.1)
    dotenv (3.2.0)
    dotenv-rails (3.2.0)
      dotenv (= 3.2.0)
      railties (>= 6.1)
    drb (2.2.3)
    erb (6.0.1)
    erubi (1.13.1)
    fiddle (1.1.8)
    globalid (1.3.0)
      activesupport (>= 6.1)
    i18n (1.14.8)
      concurrent-ruby (~> 1.0)
    io-console (0.8.2)
    irb (1.16.0)
      pp (>= 0.6.0)
      rdoc (>= 4.0.0)
      reline (>= 0.4.2)
    jbuilder (2.14.1)
      actionview (>= 7.0.0)
      activesupport (>= 7.0.0)
    jwt (2.10.2)
      base64
    logger (1.7.0)
    loofah (2.25.0)
      crass (~> 1.0.2)
      nokogiri (>= 1.12.0)
    mail (2.9.0)
      logger
      mini_mime (>= 0.1.1)
      net-imap
      net-pop
      net-smtp
    marcel (1.1.0)
    mini_mime (1.1.5)
    mini_portile2 (2.8.9)
    minitest (6.0.0)
      prism (~> 1.5)
    msgpack (1.8.0)
    mutex_m (0.3.0)
    net-imap (0.6.2)
      date
      net-protocol
    net-pop (0.1.2)
      net-protocol
    net-protocol (0.2.2)
      timeout
    net-smtp (0.5.1)
      net-protocol
    nio4r (2.7.5)
    nokogiri (1.18.10)
      mini_portile2 (~> 2.8.2)
      racc (~> 1.4)
    pg (1.6.2)
    pp (0.6.3)
      prettyprint
    prettyprint (0.2.0)
    prism (1.7.0)
    psych (5.3.1)
      date
      stringio
    puma (7.1.0)
      nio4r (~> 2.0)
    racc (1.8.1)
    rack (3.2.4)
    rack-attack (6.8.0)
      rack (>= 1.0, < 4)
    rack-cors (3.0.0)
      logger
      rack (>= 3.0.14)
    rack-session (2.1.1)
      base64 (>= 0.1.0)
      rack (>= 3.0.0)
    rack-test (2.2.0)
      rack (>= 1.3)
    rackup (2.3.1)
      rack (>= 3)
    rails (7.1.5.2)
      actioncable (= 7.1.5.2)
      actionmailbox (= 7.1.5.2)
      actionmailer (= 7.1.5.2)
      actionpack (= 7.1.5.2)
      actiontext (= 7.1.5.2)
      actionview (= 7.1.5.2)
      activejob (= 7.1.5.2)
      activemodel (= 7.1.5.2)
      activerecord (= 7.1.5.2)
      activestorage (= 7.1.5.2)
      activesupport (= 7.1.5.2)
      bundler (>= 1.15.0)
      railties (= 7.1.5.2)
    rails-dom-testing (2.3.0)
      activesupport (>= 5.0.0)
      minitest
      nokogiri (>= 1.6)
    rails-html-sanitizer (1.6.2)
      loofah (~> 2.21)
      nokogiri (>= 1.15.7, != 1.16.7, != 1.16.6, != 1.16.5, != 1.16.4, != 1.16.3, != 1.16.2, != 1.16.1, != 1.16.0.rc1, != 1.16.0)
    railties (7.1.5.2)
      actionpack (= 7.1.5.2)
      activesupport (= 7.1.5.2)
      irb
      rackup (>= 1.0.0)
      rake (>= 12.2)
      thor (~> 1.0, >= 1.2.2)
      zeitwerk (~> 2.6)
    rake (13.3.1)
    rdoc (7.0.2)
      erb
      psych (>= 4.0.0)
      tsort
    reline (0.6.3)
      io-console (~> 0.5)
    ruby_http_client (3.6.0)
    securerandom (0.4.1)
    sendgrid-actionmailer (3.2.0)
      mail (~> 2.7)
      sendgrid-ruby (~> 6.4)
    sendgrid-ruby (6.7.0)
      ruby_http_client (~> 3.4)
    stringio (3.2.0)
    thor (1.4.0)
    timeout (0.6.0)
    tsort (0.2.0)
    tzinfo (2.0.6)
      concurrent-ruby (~> 1.0)
    tzinfo-data (1.2025.3)
      tzinfo (>= 1.0.0)
    websocket-driver (0.8.0)
      base64
      websocket-extensions (>= 0.1.0)
    websocket-extensions (0.1.5)
    zeitwerk (2.7.4)

PLATFORMS
  ruby

DEPENDENCIES
  bcrypt (~> 3.1.7)
  bootsnap
  dotenv-rails
  fiddle
  jbuilder (~> 2.7)
  jwt (~> 2.7)
  nokogiri (~> 1.18.10)
  pg (~> 1.2)
  puma
  rack-attack (~> 6.8)
  rack-cors
  rails (~> 7.1.5.1)
  sendgrid-actionmailer
  sendgrid-ruby
  tzinfo-data

CHECKSUMS
  actioncable (7.1.5.2) sha256=79dd467dab2351110fe1fc69e25cee0110bf11f0b9f30165b945b574eebd5e37
  actionmailbox (7.1.5.2) sha256=192b1dc102fe2b917cfc829a9944f6b08fd3237d10cf166498f7927857dcac4e
  actionmailer (7.1.5.2) sha256=7a5c5fec1eb1bc64e97dcb73d38f17f27df30d5118f7eeb60e575ec10a9e860b
  actionpack (7.1.5.2) sha256=a7bfedc8aaeb260778a358870120321a3146954497be465d534722c8c0d644fd
  actiontext (7.1.5.2) sha256=505678e4611762cb68e9c05bc5776ce5977415beed2fbabdd0ed110c63390207
  actionview (7.1.5.2) sha256=4fc916ac7eac631e228955207b1730935a7944a4d87d45a32cc40e977d5ca1c9
  activejob (7.1.5.2) sha256=afb662a5c5cda81e34fe6b09089cdf4084aabc27c6aedbd58ba4c1bef7bd804e
  activemodel (7.1.5.2) sha256=4fb6a56a8614ee820c218563fcdebcf0d7b16ab153b81ecd2ed91877cf4ac8b5
  activerecord (7.1.5.2) sha256=923da72b2da727fd2868bfa2a536db6facf71d67064889a4fb16ff323da99d2a
  activestorage (7.1.5.2) sha256=ed9acb147cea135f9e00efd984a7b8ed670b15bc6e434956931b8deecec17c98
  activesupport (7.1.5.2) sha256=900031b9c8acbfea604977addcbfe990ba8f36e1059e9d448df520bbead36ed1
  base64 (0.3.0) sha256=27337aeabad6ffae05c265c450490628ef3ebd4b67be58257393227588f5a97b
  bcrypt (3.1.20) sha256=8410f8c7b3ed54a3c00cd2456bf13917d695117f033218e2483b2e40b0784099
  benchmark (0.5.0) sha256=465df122341aedcb81a2a24b4d3bd19b6c67c1530713fd533f3ff034e419236c
  bigdecimal (4.0.1) sha256=8b07d3d065a9f921c80ceaea7c9d4ae596697295b584c296fe599dd0ad01c4a7
  bootsnap (1.20.0) sha256=f00b569ffc440115c5ec3653d4aee3e770a8b8791327b2e9fbefbd5417b93c51
  builder (3.3.0) sha256=497918d2f9dca528fdca4b88d84e4ef4387256d984b8154e9d5d3fe5a9c8835f
  concurrent-ruby (1.3.6) sha256=6b56837e1e7e5292f9864f34b69c5a2cbc75c0cf5338f1ce9903d10fa762d5ab
  connection_pool (3.0.2) sha256=33fff5ba71a12d2aa26cb72b1db8bba2a1a01823559fb01d29eb74c286e62e0a
  crass (1.0.6) sha256=dc516022a56e7b3b156099abc81b6d2b08ea1ed12676ac7a5657617f012bd45d
  date (3.5.1) sha256=750d06384d7b9c15d562c76291407d89e368dda4d4fff957eb94962d325a0dc0
  dotenv (3.2.0) sha256=e375b83121ea7ca4ce20f214740076129ab8514cd81378161f11c03853fe619d
  dotenv-rails (3.2.0) sha256=657e25554ba622ffc95d8c4f1670286510f47f2edda9f68293c3f661b303beab
  drb (2.2.3) sha256=0b00d6fdb50995fe4a45dea13663493c841112e4068656854646f418fda13373
  erb (6.0.1) sha256=28ecdd99c5472aebd5674d6061e3c6b0a45c049578b071e5a52c2a7f13c197e5
  erubi (1.13.1) sha256=a082103b0885dbc5ecf1172fede897f9ebdb745a4b97a5e8dc63953db1ee4ad9
  fiddle (1.1.8) sha256=7fa8ee3627271497f3add5503acdbc3f40b32f610fc1cf49634f083ef3f32eee
  globalid (1.3.0) sha256=05c639ad6eb4594522a0b07983022f04aa7254626ab69445a0e493aa3786ff11
  i18n (1.14.8) sha256=285778639134865c5e0f6269e0b818256017e8cde89993fdfcbfb64d088824a5
  io-console (0.8.2) sha256=d6e3ae7a7cc7574f4b8893b4fca2162e57a825b223a177b7afa236c5ef9814cc
  irb (1.16.0) sha256=2abe56c9ac947cdcb2f150572904ba798c1e93c890c256f8429981a7675b0806
  jbuilder (2.14.1) sha256=4eb26376ff60ef100cb4fd6fd7533cd271f9998327e86adf20fd8c0e69fabb42
  jwt (2.10.2) sha256=31e1ee46f7359883d5e622446969fe9c118c3da87a0b1dca765ce269c3a0c4f4
  logger (1.7.0) sha256=196edec7cc44b66cfb40f9755ce11b392f21f7967696af15d274dde7edff0203
  loofah (2.25.0) sha256=df5ed7ac3bac6a4ec802df3877ee5cc86d027299f8952e6243b3dac446b060e6
  mail (2.9.0) sha256=6fa6673ecd71c60c2d996260f9ee3dd387d4673b8169b502134659ece6d34941
  marcel (1.1.0) sha256=fdcfcfa33cc52e93c4308d40e4090a5d4ea279e160a7f6af988260fa970e0bee
  mini_mime (1.1.5) sha256=8681b7e2e4215f2a159f9400b5816d85e9d8c6c6b491e96a12797e798f8bccef
  mini_portile2 (2.8.9) sha256=0cd7c7f824e010c072e33f68bc02d85a00aeb6fce05bb4819c03dfd3c140c289
  minitest (6.0.0) sha256=4ca597fc1d735ea18d2b4b98c5fb1d5a6da4a6f35ddf32bd5fa3eded33a453be
  msgpack (1.8.0) sha256=e64ce0212000d016809f5048b48eb3a65ffb169db22238fb4b72472fecb2d732
  mutex_m (0.3.0) sha256=cfcb04ac16b69c4813777022fdceda24e9f798e48092a2b817eb4c0a782b0751
  net-imap (0.6.2) sha256=08caacad486853c61676cca0c0c47df93db02abc4a8239a8b67eb0981428acc6
  net-pop (0.1.2) sha256=848b4e982013c15b2f0382792268763b748cce91c9e91e36b0f27ed26420dff3
  net-protocol (0.2.2) sha256=aa73e0cba6a125369de9837b8d8ef82a61849360eba0521900e2c3713aa162a8
  net-smtp (0.5.1) sha256=ed96a0af63c524fceb4b29b0d352195c30d82dd916a42f03c62a3a70e5b70736
  nio4r (2.7.5) sha256=6c90168e48fb5f8e768419c93abb94ba2b892a1d0602cb06eef16d8b7df1dca1
  nokogiri (1.18.10) sha256=d5cc0731008aa3b3a87b361203ea3d19b2069628cb55e46ac7d84a0445e69cc1
  pg (1.6.2) sha256=58614afd405cc9c2c9e15bffe8432e0d6cfc58b722344ad4a47c73a85189c875
  pp (0.6.3) sha256=2951d514450b93ccfeb1df7d021cae0da16e0a7f95ee1e2273719669d0ab9df6
  prettyprint (0.2.0) sha256=2bc9e15581a94742064a3cc8b0fb9d45aae3d03a1baa6ef80922627a0766f193
  prism (1.7.0) sha256=10062f734bf7985c8424c44fac382ac04a58124ea3d220ec3ba9fe4f2da65103
  psych (5.3.1) sha256=eb7a57cef10c9d70173ff74e739d843ac3b2c019a003de48447b2963d81b1974
  puma (7.1.0) sha256=e45c10cb124f224d448c98db653a75499794edbecadc440ad616cf50f2fd49dd
  racc (1.8.1) sha256=4a7f6929691dbec8b5209a0b373bc2614882b55fc5d2e447a21aaa691303d62f
  rack (3.2.4) sha256=5d74b6f75082a643f43c1e76b419c40f0e5527fcfee1e669ac1e6b73c0ccb6f6
  rack-attack (6.8.0) sha256=f2499fdebf85bcc05573a22dff57d24305ac14ec2e4156cd3c28d47cafeeecf2
  rack-cors (3.0.0) sha256=7b95be61db39606906b61b83bd7203fa802b0ceaaad8fcb2fef39e097bf53f68
  rack-session (2.1.1) sha256=0b6dc07dea7e4b583f58a48e8b806d4c9f1c6c9214ebc202ec94562cbea2e4e9
  rack-test (2.2.0) sha256=005a36692c306ac0b4a9350355ee080fd09ddef1148a5f8b2ac636c720f5c463
  rackup (2.3.1) sha256=6c79c26753778e90983761d677a48937ee3192b3ffef6bc963c0950f94688868
  rails (7.1.5.2) sha256=a292087202c5babf4f4c39a8c37afda732117c481c619986ae1559446e927546
  rails-dom-testing (2.3.0) sha256=8acc7953a7b911ca44588bf08737bc16719f431a1cc3091a292bca7317925c1d
  rails-html-sanitizer (1.6.2) sha256=35fce2ca8242da8775c83b6ba9c1bcaad6751d9eb73c1abaa8403475ab89a560
  railties (7.1.5.2) sha256=af0ac89f0bfbb957c9fd12cc5a5561248b95b8df938758bfb553d6e916a9d621
  rake (13.3.1) sha256=8c9e89d09f66a26a01264e7e3480ec0607f0c497a861ef16063604b1b08eb19c
  rdoc (7.0.2) sha256=0773452ac7735507f50f5c428c4f94e33da656ac4b0d58151105903ea91245ad
  reline (0.6.3) sha256=1198b04973565b36ec0f11542ab3f5cfeeec34823f4e54cebde90968092b1835
  ruby_http_client (3.6.0) sha256=9308505d3a0421810d2dc012d79d986f7d360d5b02178641190849a22fd279f2
  securerandom (0.4.1) sha256=cc5193d414a4341b6e225f0cb4446aceca8e50d5e1888743fac16987638ea0b1
  sendgrid-actionmailer (3.2.0) sha256=6c1f0b0938d84b2a36f4d4ae0f75a9757dc87fbd71fbe226358d07aba429c219
  sendgrid-ruby (6.7.0) sha256=c9ff96bd37c9d6d3ce39c3c1017ee3cd9d09c155ec6af1b5078d05b5d832d111
  stringio (3.2.0) sha256=c37cb2e58b4ffbd33fe5cd948c05934af997b36e0b6ca6fdf43afa234cf222e1
  thor (1.4.0) sha256=8763e822ccb0f1d7bee88cde131b19a65606657b847cc7b7b4b82e772bcd8a3d
  timeout (0.6.0) sha256=6d722ad619f96ee383a0c557ec6eb8c4ecb08af3af62098a0be5057bf00de1af
  tsort (0.2.0) sha256=9650a793f6859a43b6641671278f79cfead60ac714148aabe4e3f0060480089f
  tzinfo (2.0.6) sha256=8daf828cc77bcf7d63b0e3bdb6caa47e2272dcfaf4fbfe46f8c3a9df087a829b
  tzinfo-data (1.2025.3) sha256=b546e2f1e5e5c40a0c619aafb24e30d3d6a128c2f689278f721b7286dd499562
  websocket-driver (0.8.0) sha256=ed0dba4b943c22f17f9a734817e808bc84cdce6a7e22045f5315aa57676d4962
  websocket-extensions (0.1.5) sha256=1c6ba63092cda343eb53fc657110c71c754c56484aad42578495227d717a8241
  zeitwerk (2.7.4) sha256=2bef90f356bdafe9a6c2bd32bcd804f83a4f9b8bc27f3600fff051eb3edcec8b

BUNDLED WITH
  4.0.2
